// !$*UTF8*$!
{
	archiveVersion = 1;
	classes = {
	};
	objectVersion = 50;
	objects = {

/* Begin PBXBuildFile section */
		C0DFCFF32483D71B00D8215A /* AppDelegate.swift in Sources */ = {isa = PBXBuildFile; fileRef = C0DFCFF22483D71B00D8215A /* AppDelegate.swift */; };
		C0DFCFF52483D71B00D8215A /* SceneDelegate.swift in Sources */ = {isa = PBXBuildFile; fileRef = C0DFCFF42483D71B00D8215A /* SceneDelegate.swift */; };
		C0DFCFF72483D71B00D8215A /* ViewController.swift in Sources */ = {isa = PBXBuildFile; fileRef = C0DFCFF62483D71B00D8215A /* ViewController.swift */; };
		C0DFCFFA2483D71B00D8215A /* Main.storyboard in Resources */ = {isa = PBXBuildFile; fileRef = C0DFCFF82483D71B00D8215A /* Main.storyboard */; };
		C0DFCFFC2483D71B00D8215A /* Assets.xcassets in Resources */ = {isa = PBXBuildFile; fileRef = C0DFCFFB2483D71B00D8215A /* Assets.xcassets */; };
		C0DFCFFF2483D71B00D8215A /* LaunchScreen.storyboard in Resources */ = {isa = PBXBuildFile; fileRef = C0DFCFFD2483D71B00D8215A /* LaunchScreen.storyboard */; };
		C0DFD0072483D7E300D8215A /* PlayerViewController.swift in Sources */ = {isa = PBXBuildFile; fileRef = C0DFD0062483D7E300D8215A /* PlayerViewController.swift */; };
		C0DFD00A2483D83C00D8215A /* song3.mp3 in Resources */ = {isa = PBXBuildFile; fileRef = C0DFD0082483D83C00D8215A /* song3.mp3 */; };
		C0DFD00B2483D83C00D8215A /* song2.mp3 in Resources */ = {isa = PBXBuildFile; fileRef = C0DFD0092483D83C00D8215A /* song2.mp3 */; };
		C0DFD00D2483D84900D8215A /* song1.mp3 in Resources */ = {isa = PBXBuildFile; fileRef = C0DFD00C2483D84900D8215A /* song1.mp3 */; };
/* End PBXBuildFile section */

/* Begin PBXFileReference section */
		C0DFCFEF2483D71B00D8215A /* myMusic.app */ = {isa = PBXFileReference; explicitFileType = wrapper.application; includeInIndex = 0; path = myMusic.app; sourceTree = BUILT_PRODUCTS_DIR; };
		C0DFCFF22483D71B00D8215A /* AppDelegate.swift */ = {isa = PBXFileReference; lastKnownFileType = sourcecode.swift; path = AppDelegate.swift; sourceTree = "<group>"; };
		C0DFCFF42483D71B00D8215A /* SceneDelegate.swift */ = {isa = PBXFileReference; lastKnownFileType = sourcecode.swift; path = SceneDelegate.swift; sourceTree = "<group>"; };
		C0DFCFF62483D71B00D8215A /* ViewController.swift */ = {isa = PBXFileReference; lastKnownFileType = sourcecode.swift; path = ViewController.swift; sourceTree = "<group>"; };
		C0DFCFF92483D71B00D8215A /* Base */ = {isa = PBXFileReference; lastKnownFileType = file.storyboard; name = Base; path = Base.lproj/Main.storyboard; sourceTree = "<group>"; };
		C0DFCFFB2483D71B00D8215A /* Assets.xcassets */ = {isa = PBXFileReference; lastKnownFileType = folder.assetcatalog; path = Assets.xcassets; sourceTree = "<group>"; };
		C0DFCFFE2483D71B00D8215A /* Base */ = {isa = PBXFileReference; lastKnownFileType = file.storyboard; name = Base; path = Base.lproj/LaunchScreen.storyboard; sourceTree = "<group>"; };
		C0DFD0002483D71B00D8215A /* Info.plist */ = {isa = PBXFileReference; lastKnownFileType = text.plist.xml; path = Info.plist; sourceTree = "<group>"; };
		C0DFD0062483D7E300D8215A /* PlayerViewController.swift */ = {isa = PBXFileReference; lastKnownFileType = sourcecode.swift; path = PlayerViewController.swift; sourceTree = "<group>"; };
		C0DFD0082483D83C00D8215A /* song3.mp3 */ = {isa = PBXFileReference; lastKnownFileType = audio.mp3; path = song3.mp3; sourceTree = "<group>"; };
		C0DFD0092483D83C00D8215A /* song2.mp3 */ = {isa = PBXFileReference; lastKnownFileType = audio.mp3; path = song2.mp3; sourceTree = "<group>"; };
		C0DFD00C2483D84900D8215A /* song1.mp3 */ = {isa = PBXFileReference; lastKnownFileType = audio.mp3; path = song1.mp3; sourceTree = "<group>"; };
/* End PBXFileReference section */

/* Begin PBXFrameworksBuildPhase section */
		C0DFCFEC2483D71B00D8215A /* Frameworks */ = {
			isa = PBXFrameworksBuildPhase;
			buildActionMask = 2147483647;
			files = (
			);
			runOnlyForDeploymentPostprocessing = 0;
		};
/* End PBXFrameworksBuildPhase section */

/* Begin PBXGroup section */
		C0DFCFE62483D71B00D8215A = {
			isa = PBXGroup;
			children = (
				C0DFCFF12483D71B00D8215A /* myMusic */,
				C0DFCFF02483D71B00D8215A /* Products */,
			);
			sourceTree = "<group>";
		};
		C0DFCFF02483D71B00D8215A /* Products */ = {
			isa = PBXGroup;
			children = (
				C0DFCFEF2483D71B00D8215A /* myMusic.app */,
			);
			name = Products;
			sourceTree = "<group>";
		};
		C0DFCFF12483D71B00D8215A /* myMusic */ = {
			isa = PBXGroup;
			children = (
				C0DFD0082483D83C00D8215A /* song3.mp3 */,
				C0DFD0092483D83C00D8215A /* song2.mp3 */,
				C0DFD00C2483D84900D8215A /* song1.mp3 */,
				C0DFCFF22483D71B00D8215A /* AppDelegate.swift */,
				C0DFCFF42483D71B00D8215A /* SceneDelegate.swift */,
				C0DFCFF62483D71B00D8215A /* ViewController.swift */,
				C0DFCFF82483D71B00D8215A /* Main.storyboard */,
				C0DFCFFB2483D71B00D8215A /* Assets.xcassets */,
				C0DFCFFD2483D71B00D8215A /* LaunchScreen.storyboard */,
				C0DFD0002483D71B00D8215A /* Info.plist */,
				C0DFD0062483D7E300D8215A /* PlayerViewController.swift */,
			);
			path = myMusic;
			sourceTree = "<group>";
		};
/* End PBXGroup section */

/* Begin PBXNativeTarget section */
		C0DFCFEE2483D71B00D8215A /* myMusic */ = {
			isa = PBXNativeTarget;
			buildConfigurationList = C0DFD0032483D71B00D8215A /* Build configuration list for PBXNativeTarget "myMusic" */;
			buildPhases = (
				C0DFCFEB2483D71B00D8215A /* Sources */,
				C0DFCFEC2483D71B00D8215A /* Frameworks */,
				C0DFCFED2483D71B00D8215A /* Resources */,
			);
			buildRules = (
			);
			dependencies = (
			);
			name = myMusic;
			productName = myMusic;
			productReference = C0DFCFEF2483D71B00D8215A /* myMusic.app */;
			productType = "com.apple.product-type.application";
		};
/* End PBXNativeTarget section */

/* Begin PBXProject section */
		C0DFCFE72483D71B00D8215A /* Project object */ = {
			isa = PBXProject;
			attributes = {
				LastSwiftUpdateCheck = 1150;
				LastUpgradeCheck = 1150;
				ORGANIZATIONNAME = sesilmarsely;
				TargetAttributes = {
					C0DFCFEE2483D71B00D8215A = {
						CreatedOnToolsVersion = 11.5;
					};
				};
			};
			buildConfigurationList = C0DFCFEA2483D71B00D8215A /* Build configuration list for PBXProject "myMusic" */;
			compatibilityVersion = "Xcode 9.3";
			developmentRegion = en;
			hasScannedForEncodings = 0;
			knownRegions = (
				en,
				Base,
			);
			mainGroup = C0DFCFE62483D71B00D8215A;
			productRefGroup = C0DFCFF02483D71B00D8215A /* Products */;
			projectDirPath = "";
			projectRoot = "";
			targets = (
				C0DFCFEE2483D71B00D8215A /* myMusic */,
			);
		};
/* End PBXProject section */

/* Begin PBXResourcesBuildPhase section */
		C0DFCFED2483D71B00D8215A /* Resources */ = {
			isa = PBXResourcesBuildPhase;
			buildActionMask = 2147483647;
			files = (
				C0DFCFFF2483D71B00D8215A /* LaunchScreen.storyboard in Resources */,
				C0DFD00B2483D83C00D8215A /* song2.mp3 in Resources */,
				C0DFCFFC2483D71B00D8215A /* Assets.xcassets in Resources */,
				C0DFD00A2483D83C00D8215A /* song3.mp3 in Resources */,
				C0DFD00D2483D84900D8215A /* song1.mp3 in Resources */,
				C0DFCFFA2483D71B00D8215A /* Main.storyboard in Resources */,
			);
			runOnlyForDeploymentPostprocessing = 0;
		};
/* End PBXResourcesBuildPhase section */

/* Begin PBXSourcesBuildPhase section */
		C0DFCFEB2483D71B00D8215A /* Sources */ = {
			isa = PBXSourcesBuildPhase;
			buildActionMask = 2147483647;
			files = (
				C0DFCFF72483D71B00D8215A /* ViewController.swift in Sources */,
				C0DFD0072483D7E300D8215A /* PlayerViewController.swift in Sources */,
				C0DFCFF32483D71B00D8215A /* AppDelegate.swift in Sources */,
				C0DFCFF52483D71B00D8215A /* SceneDelegate.swift in Sources */,
			);
			runOnlyForDeploymentPostprocessing = 0;
		};
/* End PBXSourcesBuildPhase section */

/* Begin PBXVariantGroup section */
		C0DFCFF82483D71B00D8215A /* Main.storyboard */ = {
			isa = PBXVariantGroup;
			children = (
				C0DFCFF92483D71B00D8215A /* Base */,
			);
			name = Main.storyboard;
			sourceTree = "<group>";
		};
		C0DFCFFD2483D71B00D8215A /* LaunchScreen.storyboard */ = {
			isa = PBXVariantGroup;
			children = (
				C0DFCFFE2483D71B00D8215A /* Base */,
			);
			name = LaunchScreen.storyboard;
			sourceTree = "<group>";
		};
/* End PBXVariantGroup section */

/* Begin XCBuildConfiguration section */
		C0DFD0012483D71B00D8215A /* Debug */ = {
			isa = XCBuildConfiguration;
			buildSettings = {
				ALWAYS_SEARCH_USER_PATHS = NO;
				CLANG_ANALYZER_NONNULL = YES;
				CLANG_ANALYZER_NUMBER_OBJECT_CONVERSION = YES_AGGRESSIVE;
				CLANG_CXX_LANGUAGE_STANDARD = "gnu++14";
				CLANG_CXX_LIBRARY = "libc++";
				CLANG_ENABLE_MODULES = YES;
				CLANG_ENABLE_OBJC_ARC = YES;
				CLANG_ENABLE_OBJC_WEAK = YES;
				CLANG_WARN_BLOCK_CAPTURE_AUTORELEASING = YES;
				CLANG_WARN_BOOL_CONVERSION = YES;
				CLANG_WARN_COMMA = YES;
				CLANG_WARN_CONSTANT_CONVERSION = YES;
				CLANG_WARN_DEPRECATED_OBJC_IMPLEMENTATIONS = YES;
				CLANG_WARN_DIRECT_OBJC_ISA_USAGE = YES_ERROR;
				CLANG_WARN_DOCUMENTATION_COMMENTS = YES;
				CLANG_WARN_EMPTY_BODY = YES;
				CLANG_WARN_ENUM_CONVERSION = YES;
				CLANG_WARN_INFINITE_RECURSION = YES;
				CLANG_WARN_INT_CONVERSION = YES;
				CLANG_WARN_NON_LITERAL_NULL_CONVERSION = YES;
				CLANG_WARN_OBJC_IMPLICIT_RETAIN_SELF = YES;
				CLANG_WARN_OBJC_LITERAL_CONVERSION = YES;
				CLANG_WARN_OBJC_ROOT_CLASS = YES_ERROR;
				CLANG_WARN_RANGE_LOOP_ANALYSIS = YES;
				CLANG_WARN_STRICT_PROTOTYPES = YES;
				CLANG_WARN_SUSPICIOUS_MOVE = YES;
				CLANG_WARN_UNGUARDED_AVAILABILITY = YES_AGGRESSIVE;
				CLANG_WARN_UNREACHABLE_CODE = YES;
				CLANG_WARN__DUPLICATE_METHOD_MATCH = YES;
				COPY_PHASE_STRIP = NO;
				DEBUG_INFORMATION_FORMAT = dwarf;
				ENABLE_STRICT_OBJC_MSGSEND = YES;
				ENABLE_TESTABILITY = YES;
				GCC_C_LANGUAGE_STANDARD = gnu11;
				GCC_DYNAMIC_NO_PIC = NO;
				GCC_NO_COMMON_BLOCKS = YES;
				GCC_OPTIMIZATION_LEVEL = 0;
				GCC_PREPROCESSOR_DEFINITIONS = (
					"DEBUG=1",
					"$(inherited)",
				);
				GCC_WARN_64_TO_32_BIT_CONVERSION = YES;
				GCC_WARN_ABOUT_RETURN_TYPE = YES_ERROR;
				GCC_WARN_UNDECLARED_SELECTOR = YES;
				GCC_WARN_UNINITIALIZED_AUTOS = YES_AGGRESSIVE;
				GCC_WARN_UNUSED_FUNCTION = YES;
				GCC_WARN_UNUSED_VARIABLE = YES;
				IPHONEOS_DEPLOYMENT_TARGET = 13.5;
				MTL_ENABLE_DEBUG_INFO = INCLUDE_SOURCE;
				MTL_FAST_MATH = YES;
				ONLY_ACTIVE_ARCH = YES;
				SDKROOT = iphoneos;
				SWIFT_ACTIVE_COMPILATION_CONDITIONS = DEBUG;
				SWIFT_OPTIMIZATION_LEVEL = "-Onone";
			};
			name = Debug;
		};
		C0DFD0022483D71B00D8215A /* Release */ = {
			isa = XCBuildConfiguration;
			buildSettings = {
				ALWAYS_SEARCH_USER_PATHS = NO;
				CLANG_ANALYZER_NONNULL = YES;
				CLANG_ANALYZER_NUMBER_OBJECT_CONVERSION = YES_AGGRESSIVE;
				CLANG_CXX_LANGUAGE_STANDARD = "gnu++14";
				CLANG_CXX_LIBRARY = "libc++";
				CLANG_ENABLE_MODULES = YES;
				CLANG_ENABLE_OBJC_ARC = YES;
				CLANG_ENABLE_OBJC_WEAK = YES;
				CLANG_WARN_BLOCK_CAPTURE_AUTORELEASING = YES;
				CLANG_WARN_BOOL_CONVERSION = YES;
				CLANG_WARN_COMMA = YES;
				CLANG_WARN_CONSTANT_CONVERSION = YES;
				CLANG_WARN_DEPRECATED_OBJC_IMPLEMENTATIONS = YES;
				CLANG_WARN_DIRECT_OBJC_ISA_USAGE = YES_ERROR;
				CLANG_WARN_DOCUMENTATION_COMMENTS = YES;
				CLANG_WARN_EMPTY_BODY = YES;
				CLANG_WARN_ENUM_CONVERSION = YES;
				CLANG_WARN_INFINITE_RECURSION = YES;
				CLANG_WARN_INT_CONVERSION = YES;
				CLANG_WARN_NON_LITERAL_NULL_CONVERSION = YES;
				CLANG_WARN_OBJC_IMPLICIT_RETAIN_SELF = YES;
				CLANG_WARN_OBJC_LITERAL_CONVERSION = YES;
				CLANG_WARN_OBJC_ROOT_CLASS = YES_ERROR;
				CLANG_WARN_RANGE_LOOP_ANALYSIS = YES;
				CLANG_WARN_STRICT_PROTOTYPES = YES;
				CLANG_WARN_SUSPICIOUS_MOVE = YES;
				CLANG_WARN_UNGUARDED_AVAILABILITY = YES_AGGRESSIVE;
				CLANG_WARN_UNREACHABLE_CODE = YES;
				CLANG_WARN__DUPLICATE_METHOD_MATCH = YES;
				COPY_PHASE_STRIP = NO;
				DEBUG_INFORMATION_FORMAT = "dwarf-with-dsym";
				ENABLE_NS_ASSERTIONS = NO;
				ENABLE_STRICT_OBJC_MSGSEND = YES;
				GCC_C_LANGUAGE_STANDARD = gnu11;
				GCC_NO_COMMON_BLOCKS = YES;
				GCC_WARN_64_TO_32_BIT_CONVERSION = YES;
				GCC_WARN_ABOUT_RETURN_TYPE = YES_ERROR;
				GCC_WARN_UNDECLARED_SELECTOR = YES;
				GCC_WARN_UNINITIALIZED_AUTOS = YES_AGGRESSIVE;
				GCC_WARN_UNUSED_FUNCTION = YES;
				GCC_WARN_UNUSED_VARIABLE = YES;
				IPHONEOS_DEPLOYMENT_TARGET = 13.5;
				MTL_ENABLE_DEBUG_INFO = NO;
				MTL_FAST_MATH = YES;
				SDKROOT = iphoneos;
				SWIFT_COMPILATION_MODE = wholemodule;
				SWIFT_OPTIMIZATION_LEVEL = "-O";
				VALIDATE_PRODUCT = YES;
			};
			name = Release;
		};
		C0DFD0042483D71B00D8215A /* Debug */ = {
			isa = XCBuildConfiguration;
			buildSettings = {
				ASSETCATALOG_COMPILER_APPICON_NAME = AppIcon;
				CODE_SIGN_STYLE = Automatic;
				DEVELOPMENT_TEAM = 2P5K8VS57T;
				INFOPLIST_FILE = myMusic/Info.plist;
				LD_RUNPATH_SEARCH_PATHS = (
					"$(inherited)",
					"@executable_path/Frameworks",
				);
				PRODUCT_BUNDLE_IDENTIFIER = com.sesilmarsely.myMusic;
				PRODUCT_NAME = "$(TARGET_NAME)";
				SWIFT_VERSION = 5.0;
				TARGETED_DEVICE_FAMILY = "1,2";
			};
			name = Debug;
		};
		C0DFD0052483D71B00D8215A /* Release */ = {
			isa = XCBuildConfiguration;
			buildSettings = {
				ASSETCATALOG_COMPILER_APPICON_NAME = AppIcon;
				CODE_SIGN_STYLE = Automatic;
				DEVELOPMENT_TEAM = 2P5K8VS57T;
				INFOPLIST_FILE = myMusic/Info.plist;
				LD_RUNPATH_SEARCH_PATHS = (
					"$(inherited)",
					"@executable_path/Frameworks",
				);
				PRODUCT_BUNDLE_IDENTIFIER = com.sesilmarsely.myMusic;
				PRODUCT_NAME = "$(TARGET_NAME)";
				SWIFT_VERSION = 5.0;
				TARGETED_DEVICE_FAMILY = "1,2";
			};
			name = Release;
		};
/* End XCBuildConfiguration section */

/* Begin XCConfigurationList section */
		C0DFCFEA2483D71B00D8215A /* Build configuration list for PBXProject "myMusic" */ = {
			isa = XCConfigurationList;
			buildConfigurations = (
				C0DFD0012483D71B00D8215A /* Debug */,
				C0DFD0022483D71B00D8215A /* Release */,
			);
			defaultConfigurationIsVisible = 0;
			defaultConfigurationName = Release;
		};
		C0DFD0032483D71B00D8215A /* Build configuration list for PBXNativeTarget "myMusic" */ = {
			isa = XCConfigurationList;
			buildConfigurations = (
				C0DFD0042483D71B00D8215A /* Debug */,
				C0DFD0052483D71B00D8215A /* Release */,
			);
			defaultConfigurationIsVisible = 0;
			defaultConfigurationName = Release;
		};
/* End XCConfigurationList section */
	};
	rootObject = C0DFCFE72483D71B00D8215A /* Project object */;
}
